
Microsoft Visual Studio Solution File, Format Version 12.00
# Visual Studio Version 16
VisualStudioVersion = 16.0.31624.102
MinimumVisualStudioVersion = 10.0.40219.1
Project("{9A19103F-16F7-4668-BE54-9A1E7A4F7556}") = "MvcMovie_TARpe20", "MvcMovie_TARpe20\MvcMovie_TARpe20.csproj", "{35372E24-4E40-4BC9-8826-28849D9E188F}"
EndProject
Global
	GlobalSection(SolutionConfigurationPlatforms) = preSolution
		Debug|Any CPU = Debug|Any CPU
		Release|Any CPU = Release|Any CPU
	EndGlobalSection
	GlobalSection(ProjectConfigurationPlatforms) = postSolution
		{35372E24-4E40-4BC9-8826-28849D9E188F}.Debug|Any CPU.ActiveCfg = Debug|Any CPU
		{35372E24-4E40-4BC9-8826-28849D9E188F}.Debug|Any CPU.Build.0 = Debug|Any CPU
		{35372E24-4E40-4BC9-8826-28849D9E188F}.Release|Any CPU.ActiveCfg = Release|Any CPU
		{35372E24-4E40-4BC9-8826-28849D9E188F}.Release|Any CPU.Build.0 = Release|Any CPU
	EndGlobalSection
	GlobalSection(SolutionProperties) = preSolution
		HideSolutionNode = FALSE
	EndGlobalSection
	GlobalSection(ExtensibilityGlobals) = postSolution
		SolutionGuid = {90F7248D-C5DE-4EB8-93E4-DFB4996CC050}
	EndGlobalSection
EndGlobal
